// !$*UTF8*$!
{
	archiveVersion = 1;
	classes = {
	};
	objectVersion = 50;
	objects = {

/* Begin PBXBuildFile section */
		176C94F824A00F2B00C220C2 /* AppDelegate.swift in Sources */ = {isa = PBXBuildFile; fileRef = 176C94F724A00F2B00C220C2 /* AppDelegate.swift */; };
		176C94FA24A00F2B00C220C2 /* SceneDelegate.swift in Sources */ = {isa = PBXBuildFile; fileRef = 176C94F924A00F2B00C220C2 /* SceneDelegate.swift */; };
		176C94FC24A00F2B00C220C2 /* ContentView.swift in Sources */ = {isa = PBXBuildFile; fileRef = 176C94FB24A00F2B00C220C2 /* ContentView.swift */; };
		176C94FE24A00F2E00C220C2 /* Assets.xcassets in Resources */ = {isa = PBXBuildFile; fileRef = 176C94FD24A00F2E00C220C2 /* Assets.xcassets */; };
		176C950124A00F2E00C220C2 /* Preview Assets.xcassets in Resources */ = {isa = PBXBuildFile; fileRef = 176C950024A00F2E00C220C2 /* Preview Assets.xcassets */; };
		176C950424A00F2E00C220C2 /* LaunchScreen.storyboard in Resources */ = {isa = PBXBuildFile; fileRef = 176C950224A00F2E00C220C2 /* LaunchScreen.storyboard */; };
/* End PBXBuildFile section */

/* Begin PBXFileReference section */
		176C94F424A00F2B00C220C2 /* Travel app.app */ = {isa = PBXFileReference; explicitFileType = wrapper.application; includeInIndex = 0; path = "Travel app.app"; sourceTree = BUILT_PRODUCTS_DIR; };
		176C94F724A00F2B00C220C2 /* AppDelegate.swift */ = {isa = PBXFileReference; lastKnownFileType = sourcecode.swift; path = AppDelegate.swift; sourceTree = "<group>"; };
		176C94F924A00F2B00C220C2 /* SceneDelegate.swift */ = {isa = PBXFileReference; lastKnownFileType = sourcecode.swift; path = SceneDelegate.swift; sourceTree = "<group>"; };
		176C94FB24A00F2B00C220C2 /* ContentView.swift */ = {isa = PBXFileReference; lastKnownFileType = sourcecode.swift; path = ContentView.swift; sourceTree = "<group>"; };
		176C94FD24A00F2E00C220C2 /* Assets.xcassets */ = {isa = PBXFileReference; lastKnownFileType = folder.assetcatalog; path = Assets.xcassets; sourceTree = "<group>"; };
		176C950024A00F2E00C220C2 /* Preview Assets.xcassets */ = {isa = PBXFileReference; lastKnownFileType = folder.assetcatalog; path = "Preview Assets.xcassets"; sourceTree = "<group>"; };
		176C950324A00F2E00C220C2 /* Base */ = {isa = PBXFileReference; lastKnownFileType = file.storyboard; name = Base; path = Base.lproj/LaunchScreen.storyboard; sourceTree = "<group>"; };
		176C950524A00F2E00C220C2 /* Info.plist */ = {isa = PBXFileReference; lastKnownFileType = text.plist.xml; path = Info.plist; sourceTree = "<group>"; };
/* End PBXFileReference section */

/* Begin PBXFrameworksBuildPhase section */
		176C94F124A00F2B00C220C2 /* Frameworks */ = {
			isa = PBXFrameworksBuildPhase;
			buildActionMask = 2147483647;
			files = (
			);
			runOnlyForDeploymentPostprocessing = 0;
		};
/* End PBXFrameworksBuildPhase section */

/* Begin PBXGroup section */
		176C94EB24A00F2B00C220C2 = {
			isa = PBXGroup;
			children = (
				176C94F624A00F2B00C220C2 /* Travel app */,
				176C94F524A00F2B00C220C2 /* Products */,
			);
			sourceTree = "<group>";
		};
		176C94F524A00F2B00C220C2 /* Products */ = {
			isa = PBXGroup;
			children = (
				176C94F424A00F2B00C220C2 /* Travel app.app */,
			);
			name = Products;
			sourceTree = "<group>";
		};
		176C94F624A00F2B00C220C2 /* Travel app */ = {
			isa = PBXGroup;
			children = (
				176C94F724A00F2B00C220C2 /* AppDelegate.swift */,
				176C94F924A00F2B00C220C2 /* SceneDelegate.swift */,
				176C94FB24A00F2B00C220C2 /* ContentView.swift */,
				176C94FD24A00F2E00C220C2 /* Assets.xcassets */,
				176C950224A00F2E00C220C2 /* LaunchScreen.storyboard */,
				176C950524A00F2E00C220C2 /* Info.plist */,
				176C94FF24A00F2E00C220C2 /* Preview Content */,
			);
			path = "Travel app";
			sourceTree = "<group>";
		};
		176C94FF24A00F2E00C220C2 /* Preview Content */ = {
			isa = PBXGroup;
			children = (
				176C950024A00F2E00C220C2 /* Preview Assets.xcassets */,
			);
			path = "Preview Content";
			sourceTree = "<group>";
		};
/* End PBXGroup section */

/* Begin PBXNativeTarget section */
		176C94F324A00F2B00C220C2 /* Travel app */ = {
			isa = PBXNativeTarget;
			buildConfigurationList = 176C950824A00F2E00C220C2 /* Build configuration list for PBXNativeTarget "Travel app" */;
			buildPhases = (
				176C94F024A00F2B00C220C2 /* Sources */,
				176C94F124A00F2B00C220C2 /* Frameworks */,
				176C94F224A00F2B00C220C2 /* Resources */,
			);
			buildRules = (
			);
			dependencies = (
			);
			name = "Travel app";
			productName = "Travel app";
			productReference = 176C94F424A00F2B00C220C2 /* Travel app.app */;
			productType = "com.apple.product-type.application";
		};
/* End PBXNativeTarget section */

/* Begin PBXProject section */
		176C94EC24A00F2B00C220C2 /* Project object */ = {
			isa = PBXProject;
			attributes = {
				LastSwiftUpdateCheck = 1150;
				LastUpgradeCheck = 1150;
				ORGANIZATIONNAME = "Ivan Lanza";
				TargetAttributes = {
					176C94F324A00F2B00C220C2 = {
						CreatedOnToolsVersion = 11.5;
					};
				};
			};
			buildConfigurationList = 176C94EF24A00F2B00C220C2 /* Build configuration list for PBXProject "Travel app" */;
			compatibilityVersion = "Xcode 9.3";
			developmentRegion = en;
			hasScannedForEncodings = 0;
			knownRegions = (
				en,
				Base,
			);
			mainGroup = 176C94EB24A00F2B00C220C2;
			productRefGroup = 176C94F524A00F2B00C220C2 /* Products */;
			projectDirPath = "";
			projectRoot = "";
			targets = (
				176C94F324A00F2B00C220C2 /* Travel app */,
			);
		};
/* End PBXProject section */

/* Begin PBXResourcesBuildPhase section */
		176C94F224A00F2B00C220C2 /* Resources */ = {
			isa = PBXResourcesBuildPhase;
			buildActionMask = 2147483647;
			files = (
				176C950424A00F2E00C220C2 /* LaunchScreen.storyboard in Resources */,
				176C950124A00F2E00C220C2 /* Preview Assets.xcassets in Resources */,
				176C94FE24A00F2E00C220C2 /* Assets.xcassets in Resources */,
			);
			runOnlyForDeploymentPostprocessing = 0;
		};
/* End PBXResourcesBuildPhase section */

/* Begin PBXSourcesBuildPhase section */
		176C94F024A00F2B00C220C2 /* Sources */ = {
			isa = PBXSourcesBuildPhase;
			buildActionMask = 2147483647;
			files = (
				176C94F824A00F2B00C220C2 /* AppDelegate.swift in Sources */,
				176C94FA24A00F2B00C220C2 /* SceneDelegate.swift in Sources */,
				176C94FC24A00F2B00C220C2 /* ContentView.swift in Sources */,
			);
			runOnlyForDeploymentPostprocessing = 0;
		};
/* End PBXSourcesBuildPhase section */

/* Begin PBXVariantGroup section */
		176C950224A00F2E00C220C2 /* LaunchScreen.storyboard */ = {
			isa = PBXVariantGroup;
			children = (
				176C950324A00F2E00C220C2 /* Base */,
			);
			name = LaunchScreen.storyboard;
			sourceTree = "<group>";
		};
/* End PBXVariantGroup section */

/* Begin XCBuildConfiguration section */
		176C950624A00F2E00C220C2 /* Debug */ = {
			isa = XCBuildConfiguration;
			buildSettings = {
				ALWAYS_SEARCH_USER_PATHS = NO;
				CLANG_ANALYZER_NONNULL = YES;
				CLANG_ANALYZER_NUMBER_OBJECT_CONVERSION = YES_AGGRESSIVE;
				CLANG_CXX_LANGUAGE_STANDARD = "gnu++14";
				CLANG_CXX_LIBRARY = "libc++";
				CLANG_ENABLE_MODULES = YES;
				CLANG_ENABLE_OBJC_ARC = YES;
				CLANG_ENABLE_OBJC_WEAK = YES;
				CLANG_WARN_BLOCK_CAPTURE_AUTORELEASING = YES;
				CLANG_WARN_BOOL_CONVERSION = YES;
				CLANG_WARN_COMMA = YES;
				CLANG_WARN_CONSTANT_CONVERSION = YES;
				CLANG_WARN_DEPRECATED_OBJC_IMPLEMENTATIONS = YES;
				CLANG_WARN_DIRECT_OBJC_ISA_USAGE = YES_ERROR;
				CLANG_WARN_DOCUMENTATION_COMMENTS = YES;
				CLANG_WARN_EMPTY_BODY = YES;
				CLANG_WARN_ENUM_CONVERSION = YES;
				CLANG_WARN_INFINITE_RECURSION = YES;
				CLANG_WARN_INT_CONVERSION = YES;
				CLANG_WARN_NON_LITERAL_NULL_CONVERSION = YES;
				CLANG_WARN_OBJC_IMPLICIT_RETAIN_SELF = YES;
				CLANG_WARN_OBJC_LITERAL_CONVERSION = YES;
				CLANG_WARN_OBJC_ROOT_CLASS = YES_ERROR;
				CLANG_WARN_RANGE_LOOP_ANALYSIS = YES;
				CLANG_WARN_STRICT_PROTOTYPES = YES;
				CLANG_WARN_SUSPICIOUS_MOVE = YES;
				CLANG_WARN_UNGUARDED_AVAILABILITY = YES_AGGRESSIVE;
				CLANG_WARN_UNREACHABLE_CODE = YES;
				CLANG_WARN__DUPLICATE_METHOD_MATCH = YES;
				COPY_PHASE_STRIP = NO;
				DEBUG_INFORMATION_FORMAT = dwarf;
				ENABLE_STRICT_OBJC_MSGSEND = YES;
				ENABLE_TESTABILITY = YES;
				GCC_C_LANGUAGE_STANDARD = gnu11;
				GCC_DYNAMIC_NO_PIC = NO;
				GCC_NO_COMMON_BLOCKS = YES;
				GCC_OPTIMIZATION_LEVEL = 0;
				GCC_PREPROCESSOR_DEFINITIONS = (
					"DEBUG=1",
					"$(inherited)",
				);
				GCC_WARN_64_TO_32_BIT_CONVERSION = YES;
				GCC_WARN_ABOUT_RETURN_TYPE = YES_ERROR;
				GCC_WARN_UNDECLARED_SELECTOR = YES;
				GCC_WARN_UNINITIALIZED_AUTOS = YES_AGGRESSIVE;
				GCC_WARN_UNUSED_FUNCTION = YES;
				GCC_WARN_UNUSED_VARIABLE = YES;
				IPHONEOS_DEPLOYMENT_TARGET = 13.5;
				MTL_ENABLE_DEBUG_INFO = INCLUDE_SOURCE;
				MTL_FAST_MATH = YES;
				ONLY_ACTIVE_ARCH = YES;
				SDKROOT = iphoneos;
				SWIFT_ACTIVE_COMPILATION_CONDITIONS = DEBUG;
				SWIFT_OPTIMIZATION_LEVEL = "-Onone";
			};
			name = Debug;
		};
		176C950724A00F2E00C220C2 /* Release */ = {
			isa = XCBuildConfiguration;
			buildSettings = {
				ALWAYS_SEARCH_USER_PATHS = NO;
				CLANG_ANALYZER_NONNULL = YES;
				CLANG_ANALYZER_NUMBER_OBJECT_CONVERSION = YES_AGGRESSIVE;
				CLANG_CXX_LANGUAGE_STANDARD = "gnu++14";
				CLANG_CXX_LIBRARY = "libc++";
				CLANG_ENABLE_MODULES = YES;
				CLANG_ENABLE_OBJC_ARC = YES;
				CLANG_ENABLE_OBJC_WEAK = YES;
				CLANG_WARN_BLOCK_CAPTURE_AUTORELEASING = YES;
				CLANG_WARN_BOOL_CONVERSION = YES;
				CLANG_WARN_COMMA = YES;
				CLANG_WARN_CONSTANT_CONVERSION = YES;
				CLANG_WARN_DEPRECATED_OBJC_IMPLEMENTATIONS = YES;
				CLANG_WARN_DIRECT_OBJC_ISA_USAGE = YES_ERROR;
				CLANG_WARN_DOCUMENTATION_COMMENTS = YES;
				CLANG_WARN_EMPTY_BODY = YES;
				CLANG_WARN_ENUM_CONVERSION = YES;
				CLANG_WARN_INFINITE_RECURSION = YES;
				CLANG_WARN_INT_CONVERSION = YES;
				CLANG_WARN_NON_LITERAL_NULL_CONVERSION = YES;
				CLANG_WARN_OBJC_IMPLICIT_RETAIN_SELF = YES;
				CLANG_WARN_OBJC_LITERAL_CONVERSION = YES;
				CLANG_WARN_OBJC_ROOT_CLASS = YES_ERROR;
				CLANG_WARN_RANGE_LOOP_ANALYSIS = YES;
				CLANG_WARN_STRICT_PROTOTYPES = YES;
				CLANG_WARN_SUSPICIOUS_MOVE = YES;
				CLANG_WARN_UNGUARDED_AVAILABILITY = YES_AGGRESSIVE;
				CLANG_WARN_UNREACHABLE_CODE = YES;
				CLANG_WARN__DUPLICATE_METHOD_MATCH = YES;
				COPY_PHASE_STRIP = NO;
				DEBUG_INFORMATION_FORMAT = "dwarf-with-dsym";
				ENABLE_NS_ASSERTIONS = NO;
				ENABLE_STRICT_OBJC_MSGSEND = YES;
				GCC_C_LANGUAGE_STANDARD = gnu11;
				GCC_NO_COMMON_BLOCKS = YES;
				GCC_WARN_64_TO_32_BIT_CONVERSION = YES;
				GCC_WARN_ABOUT_RETURN_TYPE = YES_ERROR;
				GCC_WARN_UNDECLARED_SELECTOR = YES;
				GCC_WARN_UNINITIALIZED_AUTOS = YES_AGGRESSIVE;
				GCC_WARN_UNUSED_FUNCTION = YES;
				GCC_WARN_UNUSED_VARIABLE = YES;
				IPHONEOS_DEPLOYMENT_TARGET = 13.5;
				MTL_ENABLE_DEBUG_INFO = NO;
				MTL_FAST_MATH = YES;
				SDKROOT = iphoneos;
				SWIFT_COMPILATION_MODE = wholemodule;
				SWIFT_OPTIMIZATION_LEVEL = "-O";
				VALIDATE_PRODUCT = YES;
			};
			name = Release;
		};
		176C950924A00F2E00C220C2 /* Debug */ = {
			isa = XCBuildConfiguration;
			buildSettings = {
				ASSETCATALOG_COMPILER_APPICON_NAME = AppIcon;
				CODE_SIGN_STYLE = Automatic;
				DEVELOPMENT_ASSET_PATHS = "\"Travel app/Preview Content\"";
				DEVELOPMENT_TEAM = KR9V56M9WK;
				ENABLE_PREVIEWS = YES;
				INFOPLIST_FILE = "Travel app/Info.plist";
				LD_RUNPATH_SEARCH_PATHS = (
					"$(inherited)",
					"@executable_path/Frameworks",
				);
				PRODUCT_BUNDLE_IDENTIFIER = "br.com.ivanlanza.Travel-app";
				PRODUCT_NAME = "$(TARGET_NAME)";
				SWIFT_VERSION = 5.0;
				TARGETED_DEVICE_FAMILY = "1,2";
			};
			name = Debug;
		};
		176C950A24A00F2E00C220C2 /* Release */ = {
			isa = XCBuildConfiguration;
			buildSettings = {
				ASSETCATALOG_COMPILER_APPICON_NAME = AppIcon;
				CODE_SIGN_STYLE = Automatic;
				DEVELOPMENT_ASSET_PATHS = "\"Travel app/Preview Content\"";
				DEVELOPMENT_TEAM = KR9V56M9WK;
				ENABLE_PREVIEWS = YES;
				INFOPLIST_FILE = "Travel app/Info.plist";
				LD_RUNPATH_SEARCH_PATHS = (
					"$(inherited)",
					"@executable_path/Frameworks",
				);
				PRODUCT_BUNDLE_IDENTIFIER = "br.com.ivanlanza.Travel-app";
				PRODUCT_NAME = "$(TARGET_NAME)";
				SWIFT_VERSION = 5.0;
				TARGETED_DEVICE_FAMILY = "1,2";
			};
			name = Release;
		};
/* End XCBuildConfiguration section */

/* Begin XCConfigurationList section */
		176C94EF24A00F2B00C220C2 /* Build configuration list for PBXProject "Travel app" */ = {
			isa = XCConfigurationList;
			buildConfigurations = (
				176C950624A00F2E00C220C2 /* Debug */,
				176C950724A00F2E00C220C2 /* Release */,
			);
			defaultConfigurationIsVisible = 0;
			defaultConfigurationName = Release;
		};
		176C950824A00F2E00C220C2 /* Build configuration list for PBXNativeTarget "Travel app" */ = {
			isa = XCConfigurationList;
			buildConfigurations = (
				176C950924A00F2E00C220C2 /* Debug */,
				176C950A24A00F2E00C220C2 /* Release */,
			);
			defaultConfigurationIsVisible = 0;
			defaultConfigurationName = Release;
		};
/* End XCConfigurationList section */
	};
	rootObject = 176C94EC24A00F2B00C220C2 /* Project object */;
}
